
Microsoft Visual Studio Solution File, Format Version 12.00
# Visual Studio Version 16
VisualStudioVersion = 16.0.31702.278
MinimumVisualStudioVersion = 10.0.40219.1
Project("{FAE04EC0-301F-11D3-BF4B-00C04F79EFBC}") = "Day21UserRegistrationUseCase1", "Day21UserRegistrationUseCase1.csproj", "{CF38AC44-8D1C-409E-900C-F6D1009698D0}"
EndProject
Global
	GlobalSection(SolutionConfigurationPlatforms) = preSolution
		Debug|Any CPU = Debug|Any CPU
		Release|Any CPU = Release|Any CPU
	EndGlobalSection
	GlobalSection(ProjectConfigurationPlatforms) = postSolution
		{CF38AC44-8D1C-409E-900C-F6D1009698D0}.Debug|Any CPU.ActiveCfg = Debug|Any CPU
		{CF38AC44-8D1C-409E-900C-F6D1009698D0}.Debug|Any CPU.Build.0 = Debug|Any CPU
		{CF38AC44-8D1C-409E-900C-F6D1009698D0}.Release|Any CPU.ActiveCfg = Release|Any CPU
		{CF38AC44-8D1C-409E-900C-F6D1009698D0}.Release|Any CPU.Build.0 = Release|Any CPU
	EndGlobalSection
	GlobalSection(SolutionProperties) = preSolution
		HideSolutionNode = FALSE
	EndGlobalSection
	GlobalSection(ExtensibilityGlobals) = postSolution
		SolutionGuid = {25E8CAAE-7AC0-4C53-8109-7CCF5D874B52}
	EndGlobalSection
EndGlobal
