
Microsoft Visual Studio Solution File, Format Version 12.00
# Visual Studio Version 16
VisualStudioVersion = 16.0.31702.278
MinimumVisualStudioVersion = 10.0.40219.1
Project("{FAE04EC0-301F-11D3-BF4B-00C04F79EFBC}") = "Day24UserRegistrationUseCase11", "Day24UserRegistrationUseCase11.csproj", "{AB533454-5AC1-4AF9-9461-4EEEED2BF2DC}"
EndProject
Global
	GlobalSection(SolutionConfigurationPlatforms) = preSolution
		Debug|Any CPU = Debug|Any CPU
		Release|Any CPU = Release|Any CPU
	EndGlobalSection
	GlobalSection(ProjectConfigurationPlatforms) = postSolution
		{AB533454-5AC1-4AF9-9461-4EEEED2BF2DC}.Debug|Any CPU.ActiveCfg = Debug|Any CPU
		{AB533454-5AC1-4AF9-9461-4EEEED2BF2DC}.Debug|Any CPU.Build.0 = Debug|Any CPU
		{AB533454-5AC1-4AF9-9461-4EEEED2BF2DC}.Release|Any CPU.ActiveCfg = Release|Any CPU
		{AB533454-5AC1-4AF9-9461-4EEEED2BF2DC}.Release|Any CPU.Build.0 = Release|Any CPU
	EndGlobalSection
	GlobalSection(SolutionProperties) = preSolution
		HideSolutionNode = FALSE
	EndGlobalSection
	GlobalSection(ExtensibilityGlobals) = postSolution
		SolutionGuid = {FAE6FDFE-CEFD-48AB-A2D7-21DF078FADAB}
	EndGlobalSection
EndGlobal
