
Microsoft Visual Studio Solution File, Format Version 12.00
# Visual Studio Version 16
VisualStudioVersion = 16.0.31702.278
MinimumVisualStudioVersion = 10.0.40219.1
Project("{FAE04EC0-301F-11D3-BF4B-00C04F79EFBC}") = "Day21UserRegistrationUseCase4", "Day21UserRegistrationUseCase4.csproj", "{2E0791BC-351B-488C-9A2C-32EFD2C26CC9}"
EndProject
Global
	GlobalSection(SolutionConfigurationPlatforms) = preSolution
		Debug|Any CPU = Debug|Any CPU
		Release|Any CPU = Release|Any CPU
	EndGlobalSection
	GlobalSection(ProjectConfigurationPlatforms) = postSolution
		{2E0791BC-351B-488C-9A2C-32EFD2C26CC9}.Debug|Any CPU.ActiveCfg = Debug|Any CPU
		{2E0791BC-351B-488C-9A2C-32EFD2C26CC9}.Debug|Any CPU.Build.0 = Debug|Any CPU
		{2E0791BC-351B-488C-9A2C-32EFD2C26CC9}.Release|Any CPU.ActiveCfg = Release|Any CPU
		{2E0791BC-351B-488C-9A2C-32EFD2C26CC9}.Release|Any CPU.Build.0 = Release|Any CPU
	EndGlobalSection
	GlobalSection(SolutionProperties) = preSolution
		HideSolutionNode = FALSE
	EndGlobalSection
	GlobalSection(ExtensibilityGlobals) = postSolution
		SolutionGuid = {0AC50B0A-756F-4D8D-8CDC-95AB8653EFF2}
	EndGlobalSection
EndGlobal
